
Microsoft Visual Studio Solution File, Format Version 12.00
# Visual Studio 14
VisualStudioVersion = 14.0.25123.0
MinimumVisualStudioVersion = 10.0.40219.1
Project("{FAE04EC0-301F-11D3-BF4B-00C04F79EFBC}") = "TileMapSystem", "TileMapSystem\TileMapSystem.csproj", "{EAF17554-F4F5-4B7D-9B2D-324DA658F891}"
EndProject
Project("{FAE04EC0-301F-11D3-BF4B-00C04F79EFBC}") = "TileMapSystemExample", "TileMapSystemExample\TileMapSystemExample.csproj", "{72F0AA46-C66F-46DE-AD00-CC323D70A6E8}"
EndProject
Global
	GlobalSection(SolutionConfigurationPlatforms) = preSolution
		Debug|Any CPU = Debug|Any CPU
		Release|Any CPU = Release|Any CPU
	EndGlobalSection
	GlobalSection(ProjectConfigurationPlatforms) = postSolution
		{EAF17554-F4F5-4B7D-9B2D-324DA658F891}.Debug|Any CPU.ActiveCfg = Debug|Any CPU
		{EAF17554-F4F5-4B7D-9B2D-324DA658F891}.Debug|Any CPU.Build.0 = Debug|Any CPU
		{EAF17554-F4F5-4B7D-9B2D-324DA658F891}.Release|Any CPU.ActiveCfg = Release|Any CPU
		{EAF17554-F4F5-4B7D-9B2D-324DA658F891}.Release|Any CPU.Build.0 = Release|Any CPU
		{72F0AA46-C66F-46DE-AD00-CC323D70A6E8}.Debug|Any CPU.ActiveCfg = Debug|Any CPU
		{72F0AA46-C66F-46DE-AD00-CC323D70A6E8}.Debug|Any CPU.Build.0 = Debug|Any CPU
		{72F0AA46-C66F-46DE-AD00-CC323D70A6E8}.Release|Any CPU.ActiveCfg = Release|Any CPU
		{72F0AA46-C66F-46DE-AD00-CC323D70A6E8}.Release|Any CPU.Build.0 = Release|Any CPU
	EndGlobalSection
	GlobalSection(SolutionProperties) = preSolution
		HideSolutionNode = FALSE
	EndGlobalSection
EndGlobal
